
Microsoft Visual Studio Solution File, Format Version 12.00
# Visual Studio Version 16
VisualStudioVersion = 16.0.32106.194
MinimumVisualStudioVersion = 10.0.40219.1
Project("{FAE04EC0-301F-11D3-BF4B-00C04F79EFBC}") = "Practical_5", "Practical_5\Practical_5.csproj", "{A98EF733-33F4-4FC7-9FC7-ACD6AD730F95}"
EndProject
Global
	GlobalSection(SolutionConfigurationPlatforms) = preSolution
		Debug|Any CPU = Debug|Any CPU
		Release|Any CPU = Release|Any CPU
	EndGlobalSection
	GlobalSection(ProjectConfigurationPlatforms) = postSolution
		{A98EF733-33F4-4FC7-9FC7-ACD6AD730F95}.Debug|Any CPU.ActiveCfg = Debug|Any CPU
		{A98EF733-33F4-4FC7-9FC7-ACD6AD730F95}.Debug|Any CPU.Build.0 = Debug|Any CPU
		{A98EF733-33F4-4FC7-9FC7-ACD6AD730F95}.Release|Any CPU.ActiveCfg = Release|Any CPU
		{A98EF733-33F4-4FC7-9FC7-ACD6AD730F95}.Release|Any CPU.Build.0 = Release|Any CPU
	EndGlobalSection
	GlobalSection(SolutionProperties) = preSolution
		HideSolutionNode = FALSE
	EndGlobalSection
	GlobalSection(ExtensibilityGlobals) = postSolution
		SolutionGuid = {FDFCD8A2-3B51-4BD7-9F3A-C611380BB770}
	EndGlobalSection
EndGlobal
